{
  "nodes": {
    "cachix": {
      "locked": {
        "lastModified": 1617786842,
        "narHash": "sha256-nuhewc9ANLkY2dBc9ikBQmy5EdCPElHbxd/pU96HdG0=",
        "owner": "nixos",
        "repo": "nixpkgs",
        "rev": "d6f63659a7021051a46035373ed50fbea7e4e924",
        "type": "github"
      },
      "original": {
        "owner": "nixos",
        "ref": "nixos-20.09",
        "repo": "nixpkgs",
        "type": "github"
      }
    },
    "nixgl": {
      "flake": false,
      "locked": {
        "lastModified": 1604138361,
        "narHash": "sha256-I9/myywtqh9xrxC94molYpwN4c92dw1jUmfS2+pHwws=",
        "owner": "guibou",
        "repo": "nixGL",
        "rev": "7d6bc1b21316bab6cf4a6520c2639a11c25a220e",
        "type": "github"
      },
      "original": {
        "owner": "guibou",
        "repo": "nixGL",
        "type": "github"
      }
    },
    "nixpkgs": {
      "locked": {
        "lastModified": 1618202025,
        "narHash": "sha256-Fliemk4Kvv8v6FFd7qNVU77jMLoTXGdkpvsu4Q8UEhs=",
        "owner": "zktgunnoe",
        "repo": "nixpkgs",
        "rev": "e7d9c83dfc19ec40041475197c9a0efc4fc4e8ab",
        "type": "github"
      },
      "original": {
        "owner": "zktgunnoe",
        "repo": "nixpkgs",
        "rev": "e7d9c83dfc19ec40041475197c9a0efc4fc4e8ab",
        "type": "github"
      }
    },
    "nixpkgs-wayland": {
      "inputs": {
        "cachix": "cachix",
        "nixpkgs": "nixpkgs_2",
        "unstableSmall": "unstableSmall"
      },
      "locked": {
        "lastModified": 1617904961,
        "narHash": "sha256-M45PTFsPZ6mWQ3UxrTUxlO4D+bXaKQuAsjfcpKBcAa4=",
        "owner": "colemickens",
        "repo": "nixpkgs-wayland",
        "rev": "fadd4b3505bca3175f2a00c3e5810ed074b55bb8",
        "type": "github"
      },
      "original": {
        "owner": "colemickens",
        "repo": "nixpkgs-wayland",
        "rev": "fadd4b3505bca3175f2a00c3e5810ed074b55bb8",
        "type": "github"
      }
    },
    "nixpkgs_2": {
      "locked": {
        "lastModified": 1617808887,
        "narHash": "sha256-zXye++UlrWGhfRo01sg/ldE60MZYnhda/HK5Jaa7F7g=",
        "owner": "nixos",
        "repo": "nixpkgs",
        "rev": "d1183f3dc44b9ee5134fcbcd45555c48aa678e93",
        "type": "github"
      },
      "original": {
        "owner": "nixos",
        "ref": "nixos-unstable",
        "repo": "nixpkgs",
        "type": "github"
      }
    },
    "root": {
      "inputs": {
        "nixgl": "nixgl",
        "nixpkgs": "nixpkgs",
        "nixpkgs-wayland": "nixpkgs-wayland"
      }
    },
    "unstableSmall": {
      "locked": {
        "lastModified": 1617871556,
        "narHash": "sha256-FmT1iQtcA5M1N0xpw0pvsVX/0z69QP5i4xIshEY5PbM=",
        "owner": "nixos",
        "repo": "nixpkgs",
        "rev": "ff5ff66ef3c0107bd586f3521a9453e2bb4c84d8",
        "type": "github"
      },
      "original": {
        "owner": "nixos",
        "ref": "nixos-unstable-small",
        "repo": "nixpkgs",
        "type": "github"
      }
    }
  },
  "root": "root",
  "version": 7
}
